// !$*UTF8*$!
{
	archiveVersion = 1;
	classes = {
	};
	objectVersion = 50;
	objects = {

/* Begin PBXBuildFile section */
		C3094D8425FBD233004CB9F4 /* LoadServiceProtocol.swift in Sources */ = {isa = PBXBuildFile; fileRef = C3094D8325FBD233004CB9F4 /* LoadServiceProtocol.swift */; };
		C3094D8725FBD2C5004CB9F4 /* ImageService.swift in Sources */ = {isa = PBXBuildFile; fileRef = C3094D8625FBD2C5004CB9F4 /* ImageService.swift */; };
		C3094D8B25FBD3D9004CB9F4 /* ImageProxy.swift in Sources */ = {isa = PBXBuildFile; fileRef = C3094D8A25FBD3D9004CB9F4 /* ImageProxy.swift */; };
		C3094D9025FBF01B004CB9F4 /* CategoryView.swift in Sources */ = {isa = PBXBuildFile; fileRef = C3094D8F25FBF01B004CB9F4 /* CategoryView.swift */; };
		C3094D9325FBF3E9004CB9F4 /* CategoryCollectionViewCell.swift in Sources */ = {isa = PBXBuildFile; fileRef = C3094D9225FBF3E9004CB9F4 /* CategoryCollectionViewCell.swift */; };
		C34C890B25F81B19008BBB28 /* NetworkManager.swift in Sources */ = {isa = PBXBuildFile; fileRef = C34C890A25F81B19008BBB28 /* NetworkManager.swift */; };
		C34C892125F96664008BBB28 /* MovieDetailsView.swift in Sources */ = {isa = PBXBuildFile; fileRef = C34C892025F96664008BBB28 /* MovieDetailsView.swift */; };
		C34C892425F97C9C008BBB28 /* MovieDetailsViewController.swift in Sources */ = {isa = PBXBuildFile; fileRef = C34C892325F97C9C008BBB28 /* MovieDetailsViewController.swift */; };
		C36656E525F1502000C9A857 /* AppDelegate.swift in Sources */ = {isa = PBXBuildFile; fileRef = C36656E425F1502000C9A857 /* AppDelegate.swift */; };
		C36656E725F1502000C9A857 /* SceneDelegate.swift in Sources */ = {isa = PBXBuildFile; fileRef = C36656E625F1502000C9A857 /* SceneDelegate.swift */; };
		C36656E925F1502000C9A857 /* MoviesViewController.swift in Sources */ = {isa = PBXBuildFile; fileRef = C36656E825F1502000C9A857 /* MoviesViewController.swift */; };
		C36656EE25F1502300C9A857 /* Assets.xcassets in Resources */ = {isa = PBXBuildFile; fileRef = C36656ED25F1502300C9A857 /* Assets.xcassets */; };
		C36656F125F1502300C9A857 /* LaunchScreen.storyboard in Resources */ = {isa = PBXBuildFile; fileRef = C36656EF25F1502300C9A857 /* LaunchScreen.storyboard */; };
		C366571025F64A1F00C9A857 /* MoviesView.swift in Sources */ = {isa = PBXBuildFile; fileRef = C366570F25F64A1F00C9A857 /* MoviesView.swift */; };
		C366571525F64D4F00C9A857 /* AnchorExtension.swift in Sources */ = {isa = PBXBuildFile; fileRef = C366571425F64D4F00C9A857 /* AnchorExtension.swift */; };
		C366571925F6506200C9A857 /* MoviesTableViewCell.swift in Sources */ = {isa = PBXBuildFile; fileRef = C366571825F6506200C9A857 /* MoviesTableViewCell.swift */; };
		C366571C25F69A2C00C9A857 /* Movie.swift in Sources */ = {isa = PBXBuildFile; fileRef = C366571B25F69A2C00C9A857 /* Movie.swift */; };
/* End PBXBuildFile section */

/* Begin PBXFileReference section */
		C3094D8325FBD233004CB9F4 /* LoadServiceProtocol.swift */ = {isa = PBXFileReference; lastKnownFileType = sourcecode.swift; path = LoadServiceProtocol.swift; sourceTree = "<group>"; };
		C3094D8625FBD2C5004CB9F4 /* ImageService.swift */ = {isa = PBXFileReference; lastKnownFileType = sourcecode.swift; path = ImageService.swift; sourceTree = "<group>"; };
		C3094D8A25FBD3D9004CB9F4 /* ImageProxy.swift */ = {isa = PBXFileReference; lastKnownFileType = sourcecode.swift; path = ImageProxy.swift; sourceTree = "<group>"; };
		C3094D8F25FBF01B004CB9F4 /* CategoryView.swift */ = {isa = PBXFileReference; lastKnownFileType = sourcecode.swift; path = CategoryView.swift; sourceTree = "<group>"; };
		C3094D9225FBF3E9004CB9F4 /* CategoryCollectionViewCell.swift */ = {isa = PBXFileReference; lastKnownFileType = sourcecode.swift; path = CategoryCollectionViewCell.swift; sourceTree = "<group>"; };
		C34C890A25F81B19008BBB28 /* NetworkManager.swift */ = {isa = PBXFileReference; lastKnownFileType = sourcecode.swift; path = NetworkManager.swift; sourceTree = "<group>"; };
		C34C892025F96664008BBB28 /* MovieDetailsView.swift */ = {isa = PBXFileReference; lastKnownFileType = sourcecode.swift; path = MovieDetailsView.swift; sourceTree = "<group>"; };
		C34C892325F97C9C008BBB28 /* MovieDetailsViewController.swift */ = {isa = PBXFileReference; lastKnownFileType = sourcecode.swift; path = MovieDetailsViewController.swift; sourceTree = "<group>"; };
		C36656E125F1502000C9A857 /* Films.app */ = {isa = PBXFileReference; explicitFileType = wrapper.application; includeInIndex = 0; path = Films.app; sourceTree = BUILT_PRODUCTS_DIR; };
		C36656E425F1502000C9A857 /* AppDelegate.swift */ = {isa = PBXFileReference; lastKnownFileType = sourcecode.swift; path = AppDelegate.swift; sourceTree = "<group>"; };
		C36656E625F1502000C9A857 /* SceneDelegate.swift */ = {isa = PBXFileReference; lastKnownFileType = sourcecode.swift; path = SceneDelegate.swift; sourceTree = "<group>"; };
		C36656E825F1502000C9A857 /* MoviesViewController.swift */ = {isa = PBXFileReference; lastKnownFileType = sourcecode.swift; path = MoviesViewController.swift; sourceTree = "<group>"; };
		C36656ED25F1502300C9A857 /* Assets.xcassets */ = {isa = PBXFileReference; lastKnownFileType = folder.assetcatalog; path = Assets.xcassets; sourceTree = "<group>"; };
		C36656F025F1502300C9A857 /* Base */ = {isa = PBXFileReference; lastKnownFileType = file.storyboard; name = Base; path = Base.lproj/LaunchScreen.storyboard; sourceTree = "<group>"; };
		C36656F225F1502300C9A857 /* Info.plist */ = {isa = PBXFileReference; lastKnownFileType = text.plist.xml; path = Info.plist; sourceTree = "<group>"; };
		C366570F25F64A1F00C9A857 /* MoviesView.swift */ = {isa = PBXFileReference; lastKnownFileType = sourcecode.swift; path = MoviesView.swift; sourceTree = "<group>"; };
		C366571425F64D4F00C9A857 /* AnchorExtension.swift */ = {isa = PBXFileReference; lastKnownFileType = sourcecode.swift; path = AnchorExtension.swift; sourceTree = "<group>"; };
		C366571825F6506200C9A857 /* MoviesTableViewCell.swift */ = {isa = PBXFileReference; lastKnownFileType = sourcecode.swift; path = MoviesTableViewCell.swift; sourceTree = "<group>"; };
		C366571B25F69A2C00C9A857 /* Movie.swift */ = {isa = PBXFileReference; lastKnownFileType = sourcecode.swift; path = Movie.swift; sourceTree = "<group>"; };
/* End PBXFileReference section */

/* Begin PBXFrameworksBuildPhase section */
		C36656DE25F1502000C9A857 /* Frameworks */ = {
			isa = PBXFrameworksBuildPhase;
			buildActionMask = 2147483647;
			files = (
			);
			runOnlyForDeploymentPostprocessing = 0;
		};
/* End PBXFrameworksBuildPhase section */

/* Begin PBXGroup section */
		C34C890925F81AF8008BBB28 /* NetworkManager */ = {
			isa = PBXGroup;
			children = (
				C34C890A25F81B19008BBB28 /* NetworkManager.swift */,
				C3094D8325FBD233004CB9F4 /* LoadServiceProtocol.swift */,
				C3094D8625FBD2C5004CB9F4 /* ImageService.swift */,
				C3094D8A25FBD3D9004CB9F4 /* ImageProxy.swift */,
			);
			path = NetworkManager;
			sourceTree = "<group>";
		};
		C36656D825F1502000C9A857 = {
			isa = PBXGroup;
			children = (
				C36656E325F1502000C9A857 /* Films */,
				C36656E225F1502000C9A857 /* Products */,
			);
			sourceTree = "<group>";
		};
		C36656E225F1502000C9A857 /* Products */ = {
			isa = PBXGroup;
			children = (
				C36656E125F1502000C9A857 /* Films.app */,
			);
			name = Products;
			sourceTree = "<group>";
		};
		C36656E325F1502000C9A857 /* Films */ = {
			isa = PBXGroup;
			children = (
				C366570225F6468900C9A857 /* LaunchFiles */,
				C366570A25F6478500C9A857 /* Models */,
				C366570B25F6479700C9A857 /* Views */,
				C366570C25F6479D00C9A857 /* Controllers */,
				C34C890925F81AF8008BBB28 /* NetworkManager */,
				C366571325F64D3800C9A857 /* Extensions */,
				C366570625F646E200C9A857 /* SupportingFiles */,
			);
			path = Films;
			sourceTree = "<group>";
		};
		C366570225F6468900C9A857 /* LaunchFiles */ = {
			isa = PBXGroup;
			children = (
				C36656E425F1502000C9A857 /* AppDelegate.swift */,
				C36656E625F1502000C9A857 /* SceneDelegate.swift */,
			);
			path = LaunchFiles;
			sourceTree = "<group>";
		};
		C366570625F646E200C9A857 /* SupportingFiles */ = {
			isa = PBXGroup;
			children = (
				C36656ED25F1502300C9A857 /* Assets.xcassets */,
				C36656EF25F1502300C9A857 /* LaunchScreen.storyboard */,
				C36656F225F1502300C9A857 /* Info.plist */,
			);
			path = SupportingFiles;
			sourceTree = "<group>";
		};
		C366570A25F6478500C9A857 /* Models */ = {
			isa = PBXGroup;
			children = (
				C366571B25F69A2C00C9A857 /* Movie.swift */,
			);
			path = Models;
			sourceTree = "<group>";
		};
		C366570B25F6479700C9A857 /* Views */ = {
			isa = PBXGroup;
			children = (
				C366570F25F64A1F00C9A857 /* MoviesView.swift */,
				C34C892025F96664008BBB28 /* MovieDetailsView.swift */,
				C366571825F6506200C9A857 /* MoviesTableViewCell.swift */,
				C3094D8F25FBF01B004CB9F4 /* CategoryView.swift */,
				C3094D9225FBF3E9004CB9F4 /* CategoryCollectionViewCell.swift */,
			);
			path = Views;
			sourceTree = "<group>";
		};
		C366570C25F6479D00C9A857 /* Controllers */ = {
			isa = PBXGroup;
			children = (
				C36656E825F1502000C9A857 /* MoviesViewController.swift */,
				C34C892325F97C9C008BBB28 /* MovieDetailsViewController.swift */,
			);
			path = Controllers;
			sourceTree = "<group>";
		};
		C366571325F64D3800C9A857 /* Extensions */ = {
			isa = PBXGroup;
			children = (
				C366571425F64D4F00C9A857 /* AnchorExtension.swift */,
			);
			path = Extensions;
			sourceTree = "<group>";
		};
/* End PBXGroup section */

/* Begin PBXNativeTarget section */
		C36656E025F1502000C9A857 /* Films */ = {
			isa = PBXNativeTarget;
			buildConfigurationList = C36656F525F1502300C9A857 /* Build configuration list for PBXNativeTarget "Films" */;
			buildPhases = (
				C36656DD25F1502000C9A857 /* Sources */,
				C36656DE25F1502000C9A857 /* Frameworks */,
				C36656DF25F1502000C9A857 /* Resources */,
				C36656F925F1582400C9A857 /* SwiftFormat */,
				C36656FA25F1589000C9A857 /* SwiftLint */,
			);
			buildRules = (
			);
			dependencies = (
			);
			name = Films;
			productName = Films;
			productReference = C36656E125F1502000C9A857 /* Films.app */;
			productType = "com.apple.product-type.application";
		};
/* End PBXNativeTarget section */

/* Begin PBXProject section */
		C36656D925F1502000C9A857 /* Project object */ = {
			isa = PBXProject;
			attributes = {
				LastSwiftUpdateCheck = 1240;
				LastUpgradeCheck = 1240;
				TargetAttributes = {
					C36656E025F1502000C9A857 = {
						CreatedOnToolsVersion = 12.4;
					};
				};
			};
			buildConfigurationList = C36656DC25F1502000C9A857 /* Build configuration list for PBXProject "Films" */;
			compatibilityVersion = "Xcode 9.3";
			developmentRegion = en;
			hasScannedForEncodings = 0;
			knownRegions = (
				en,
				Base,
			);
			mainGroup = C36656D825F1502000C9A857;
			productRefGroup = C36656E225F1502000C9A857 /* Products */;
			projectDirPath = "";
			projectRoot = "";
			targets = (
				C36656E025F1502000C9A857 /* Films */,
			);
		};
/* End PBXProject section */

/* Begin PBXResourcesBuildPhase section */
		C36656DF25F1502000C9A857 /* Resources */ = {
			isa = PBXResourcesBuildPhase;
			buildActionMask = 2147483647;
			files = (
				C36656F125F1502300C9A857 /* LaunchScreen.storyboard in Resources */,
				C36656EE25F1502300C9A857 /* Assets.xcassets in Resources */,
			);
			runOnlyForDeploymentPostprocessing = 0;
		};
/* End PBXResourcesBuildPhase section */

/* Begin PBXShellScriptBuildPhase section */
		C36656F925F1582400C9A857 /* SwiftFormat */ = {
			isa = PBXShellScriptBuildPhase;
			buildActionMask = 2147483647;
			files = (
			);
			inputFileListPaths = (
			);
			inputPaths = (
			);
			name = SwiftFormat;
			outputFileListPaths = (
			);
			outputPaths = (
			);
			runOnlyForDeploymentPostprocessing = 0;
			shellPath = /bin/sh;
			shellScript = "if which swiftformat >/dev/null; then\n  swiftformat .\nelse\n  echo \"warning: SwiftFormat not installed, download from https://github.com/nicklockwood/SwiftFormat\"\nfi\n";
		};
		C36656FA25F1589000C9A857 /* SwiftLint */ = {
			isa = PBXShellScriptBuildPhase;
			buildActionMask = 2147483647;
			files = (
			);
			inputFileListPaths = (
			);
			inputPaths = (
			);
			name = SwiftLint;
			outputFileListPaths = (
			);
			outputPaths = (
			);
			runOnlyForDeploymentPostprocessing = 0;
			shellPath = /bin/sh;
			shellScript = "if which swiftlint >/dev/null; then\n  swiftlint\nelse\n  echo \"warning: SwiftLint not installed, download from https://github.com/realm/SwiftLint\"\nfi\n";
		};
/* End PBXShellScriptBuildPhase section */

/* Begin PBXSourcesBuildPhase section */
		C36656DD25F1502000C9A857 /* Sources */ = {
			isa = PBXSourcesBuildPhase;
			buildActionMask = 2147483647;
			files = (
				C34C892425F97C9C008BBB28 /* MovieDetailsViewController.swift in Sources */,
				C3094D9325FBF3E9004CB9F4 /* CategoryCollectionViewCell.swift in Sources */,
				C366571C25F69A2C00C9A857 /* Movie.swift in Sources */,
				C366571925F6506200C9A857 /* MoviesTableViewCell.swift in Sources */,
				C3094D8425FBD233004CB9F4 /* LoadServiceProtocol.swift in Sources */,
				C36656E925F1502000C9A857 /* MoviesViewController.swift in Sources */,
				C3094D8725FBD2C5004CB9F4 /* ImageService.swift in Sources */,
				C36656E525F1502000C9A857 /* AppDelegate.swift in Sources */,
				C3094D8B25FBD3D9004CB9F4 /* ImageProxy.swift in Sources */,
				C3094D9025FBF01B004CB9F4 /* CategoryView.swift in Sources */,
				C34C890B25F81B19008BBB28 /* NetworkManager.swift in Sources */,
				C366571025F64A1F00C9A857 /* MoviesView.swift in Sources */,
				C34C892125F96664008BBB28 /* MovieDetailsView.swift in Sources */,
				C366571525F64D4F00C9A857 /* AnchorExtension.swift in Sources */,
				C36656E725F1502000C9A857 /* SceneDelegate.swift in Sources */,
			);
			runOnlyForDeploymentPostprocessing = 0;
		};
/* End PBXSourcesBuildPhase section */

/* Begin PBXVariantGroup section */
		C36656EF25F1502300C9A857 /* LaunchScreen.storyboard */ = {
			isa = PBXVariantGroup;
			children = (
				C36656F025F1502300C9A857 /* Base */,
			);
			name = LaunchScreen.storyboard;
			sourceTree = "<group>";
		};
/* End PBXVariantGroup section */

/* Begin XCBuildConfiguration section */
		C36656F325F1502300C9A857 /* Debug */ = {
			isa = XCBuildConfiguration;
			buildSettings = {
				ALWAYS_SEARCH_USER_PATHS = NO;
				CLANG_ANALYZER_NONNULL = YES;
				CLANG_ANALYZER_NUMBER_OBJECT_CONVERSION = YES_AGGRESSIVE;
				CLANG_CXX_LANGUAGE_STANDARD = "gnu++14";
				CLANG_CXX_LIBRARY = "libc++";
				CLANG_ENABLE_MODULES = YES;
				CLANG_ENABLE_OBJC_ARC = YES;
				CLANG_ENABLE_OBJC_WEAK = YES;
				CLANG_WARN_BLOCK_CAPTURE_AUTORELEASING = YES;
				CLANG_WARN_BOOL_CONVERSION = YES;
				CLANG_WARN_COMMA = YES;
				CLANG_WARN_CONSTANT_CONVERSION = YES;
				CLANG_WARN_DEPRECATED_OBJC_IMPLEMENTATIONS = YES;
				CLANG_WARN_DIRECT_OBJC_ISA_USAGE = YES_ERROR;
				CLANG_WARN_DOCUMENTATION_COMMENTS = YES;
				CLANG_WARN_EMPTY_BODY = YES;
				CLANG_WARN_ENUM_CONVERSION = YES;
				CLANG_WARN_INFINITE_RECURSION = YES;
				CLANG_WARN_INT_CONVERSION = YES;
				CLANG_WARN_NON_LITERAL_NULL_CONVERSION = YES;
				CLANG_WARN_OBJC_IMPLICIT_RETAIN_SELF = YES;
				CLANG_WARN_OBJC_LITERAL_CONVERSION = YES;
				CLANG_WARN_OBJC_ROOT_CLASS = YES_ERROR;
				CLANG_WARN_QUOTED_INCLUDE_IN_FRAMEWORK_HEADER = YES;
				CLANG_WARN_RANGE_LOOP_ANALYSIS = YES;
				CLANG_WARN_STRICT_PROTOTYPES = YES;
				CLANG_WARN_SUSPICIOUS_MOVE = YES;
				CLANG_WARN_UNGUARDED_AVAILABILITY = YES_AGGRESSIVE;
				CLANG_WARN_UNREACHABLE_CODE = YES;
				CLANG_WARN__DUPLICATE_METHOD_MATCH = YES;
				COPY_PHASE_STRIP = NO;
				DEBUG_INFORMATION_FORMAT = dwarf;
				ENABLE_STRICT_OBJC_MSGSEND = YES;
				ENABLE_TESTABILITY = YES;
				GCC_C_LANGUAGE_STANDARD = gnu11;
				GCC_DYNAMIC_NO_PIC = NO;
				GCC_NO_COMMON_BLOCKS = YES;
				GCC_OPTIMIZATION_LEVEL = 0;
				GCC_PREPROCESSOR_DEFINITIONS = (
					"DEBUG=1",
					"$(inherited)",
				);
				GCC_WARN_64_TO_32_BIT_CONVERSION = YES;
				GCC_WARN_ABOUT_RETURN_TYPE = YES_ERROR;
				GCC_WARN_UNDECLARED_SELECTOR = YES;
				GCC_WARN_UNINITIALIZED_AUTOS = YES_AGGRESSIVE;
				GCC_WARN_UNUSED_FUNCTION = YES;
				GCC_WARN_UNUSED_VARIABLE = YES;
				IPHONEOS_DEPLOYMENT_TARGET = 14.4;
				MTL_ENABLE_DEBUG_INFO = INCLUDE_SOURCE;
				MTL_FAST_MATH = YES;
				ONLY_ACTIVE_ARCH = YES;
				SDKROOT = iphoneos;
				SWIFT_ACTIVE_COMPILATION_CONDITIONS = DEBUG;
				SWIFT_OPTIMIZATION_LEVEL = "-Onone";
			};
			name = Debug;
		};
		C36656F425F1502300C9A857 /* Release */ = {
			isa = XCBuildConfiguration;
			buildSettings = {
				ALWAYS_SEARCH_USER_PATHS = NO;
				CLANG_ANALYZER_NONNULL = YES;
				CLANG_ANALYZER_NUMBER_OBJECT_CONVERSION = YES_AGGRESSIVE;
				CLANG_CXX_LANGUAGE_STANDARD = "gnu++14";
				CLANG_CXX_LIBRARY = "libc++";
				CLANG_ENABLE_MODULES = YES;
				CLANG_ENABLE_OBJC_ARC = YES;
				CLANG_ENABLE_OBJC_WEAK = YES;
				CLANG_WARN_BLOCK_CAPTURE_AUTORELEASING = YES;
				CLANG_WARN_BOOL_CONVERSION = YES;
				CLANG_WARN_COMMA = YES;
				CLANG_WARN_CONSTANT_CONVERSION = YES;
				CLANG_WARN_DEPRECATED_OBJC_IMPLEMENTATIONS = YES;
				CLANG_WARN_DIRECT_OBJC_ISA_USAGE = YES_ERROR;
				CLANG_WARN_DOCUMENTATION_COMMENTS = YES;
				CLANG_WARN_EMPTY_BODY = YES;
				CLANG_WARN_ENUM_CONVERSION = YES;
				CLANG_WARN_INFINITE_RECURSION = YES;
				CLANG_WARN_INT_CONVERSION = YES;
				CLANG_WARN_NON_LITERAL_NULL_CONVERSION = YES;
				CLANG_WARN_OBJC_IMPLICIT_RETAIN_SELF = YES;
				CLANG_WARN_OBJC_LITERAL_CONVERSION = YES;
				CLANG_WARN_OBJC_ROOT_CLASS = YES_ERROR;
				CLANG_WARN_QUOTED_INCLUDE_IN_FRAMEWORK_HEADER = YES;
				CLANG_WARN_RANGE_LOOP_ANALYSIS = YES;
				CLANG_WARN_STRICT_PROTOTYPES = YES;
				CLANG_WARN_SUSPICIOUS_MOVE = YES;
				CLANG_WARN_UNGUARDED_AVAILABILITY = YES_AGGRESSIVE;
				CLANG_WARN_UNREACHABLE_CODE = YES;
				CLANG_WARN__DUPLICATE_METHOD_MATCH = YES;
				COPY_PHASE_STRIP = NO;
				DEBUG_INFORMATION_FORMAT = "dwarf-with-dsym";
				ENABLE_NS_ASSERTIONS = NO;
				ENABLE_STRICT_OBJC_MSGSEND = YES;
				GCC_C_LANGUAGE_STANDARD = gnu11;
				GCC_NO_COMMON_BLOCKS = YES;
				GCC_WARN_64_TO_32_BIT_CONVERSION = YES;
				GCC_WARN_ABOUT_RETURN_TYPE = YES_ERROR;
				GCC_WARN_UNDECLARED_SELECTOR = YES;
				GCC_WARN_UNINITIALIZED_AUTOS = YES_AGGRESSIVE;
				GCC_WARN_UNUSED_FUNCTION = YES;
				GCC_WARN_UNUSED_VARIABLE = YES;
				IPHONEOS_DEPLOYMENT_TARGET = 14.4;
				MTL_ENABLE_DEBUG_INFO = NO;
				MTL_FAST_MATH = YES;
				SDKROOT = iphoneos;
				SWIFT_COMPILATION_MODE = wholemodule;
				SWIFT_OPTIMIZATION_LEVEL = "-O";
				VALIDATE_PRODUCT = YES;
			};
			name = Release;
		};
		C36656F625F1502300C9A857 /* Debug */ = {
			isa = XCBuildConfiguration;
			buildSettings = {
				ASSETCATALOG_COMPILER_APPICON_NAME = AppIcon;
				ASSETCATALOG_COMPILER_GLOBAL_ACCENT_COLOR_NAME = AccentColor;
				CODE_SIGN_STYLE = Automatic;
				DEVELOPMENT_TEAM = W78UFSC326;
				INFOPLIST_FILE = Films/SupportingFiles/Info.plist;
				IPHONEOS_DEPLOYMENT_TARGET = 13.0;
				LD_RUNPATH_SEARCH_PATHS = (
					"$(inherited)",
					"@executable_path/Frameworks",
				);
				PRODUCT_BUNDLE_IDENTIFIER = "com.ios-coder.Films";
				PRODUCT_NAME = "$(TARGET_NAME)";
				SWIFT_VERSION = 5.0;
				TARGETED_DEVICE_FAMILY = "1,2";
			};
			name = Debug;
		};
		C36656F725F1502300C9A857 /* Release */ = {
			isa = XCBuildConfiguration;
			buildSettings = {
				ASSETCATALOG_COMPILER_APPICON_NAME = AppIcon;
				ASSETCATALOG_COMPILER_GLOBAL_ACCENT_COLOR_NAME = AccentColor;
				CODE_SIGN_STYLE = Automatic;
				DEVELOPMENT_TEAM = W78UFSC326;
				INFOPLIST_FILE = Films/SupportingFiles/Info.plist;
				IPHONEOS_DEPLOYMENT_TARGET = 13.0;
				LD_RUNPATH_SEARCH_PATHS = (
					"$(inherited)",
					"@executable_path/Frameworks",
				);
				PRODUCT_BUNDLE_IDENTIFIER = "com.ios-coder.Films";
				PRODUCT_NAME = "$(TARGET_NAME)";
				SWIFT_VERSION = 5.0;
				TARGETED_DEVICE_FAMILY = "1,2";
			};
			name = Release;
		};
/* End XCBuildConfiguration section */

/* Begin XCConfigurationList section */
		C36656DC25F1502000C9A857 /* Build configuration list for PBXProject "Films" */ = {
			isa = XCConfigurationList;
			buildConfigurations = (
				C36656F325F1502300C9A857 /* Debug */,
				C36656F425F1502300C9A857 /* Release */,
			);
			defaultConfigurationIsVisible = 0;
			defaultConfigurationName = Release;
		};
		C36656F525F1502300C9A857 /* Build configuration list for PBXNativeTarget "Films" */ = {
			isa = XCConfigurationList;
			buildConfigurations = (
				C36656F625F1502300C9A857 /* Debug */,
				C36656F725F1502300C9A857 /* Release */,
			);
			defaultConfigurationIsVisible = 0;
			defaultConfigurationName = Release;
		};
/* End XCConfigurationList section */
	};
	rootObject = C36656D925F1502000C9A857 /* Project object */;
}
